
Microsoft Visual Studio Solution File, Format Version 12.00
# Visual Studio Version 16
VisualStudioVersion = 16.0.29509.3
MinimumVisualStudioVersion = 10.0.40219.1
Project("{2150E333-8FDC-42A3-9474-1A3956D46DE8}") = "tests", "tests", "{A35B39F6-C876-40EB-939C-D8F0F54653B7}"
EndProject
Project("{9A19103F-16F7-4668-BE54-9A1E7A4F7556}") = "ConsoleTest", "tests\ConsoleTest\ConsoleTest.csproj", "{A0B0125E-0ABC-4CD5-B0CF-EBFDB7A201AE}"
EndProject
Project("{2150E333-8FDC-42A3-9474-1A3956D46DE8}") = "sample", "sample", "{33A3A0C6-5FA2-44CF-B342-E2778B3493B7}"
EndProject
Project("{9A19103F-16F7-4668-BE54-9A1E7A4F7556}") = "Demo", "sample\Demo\Demo.csproj", "{955C41A6-84FC-4CB3-A4CA-3055C6FDF3F3}"
EndProject
Project("{9A19103F-16F7-4668-BE54-9A1E7A4F7556}") = "Es.Throttle", "src\Es.Throttle\Es.Throttle.csproj", "{D7FE4FB4-61A0-414F-A532-A3D0E6A55B27}"
EndProject
Project("{9A19103F-16F7-4668-BE54-9A1E7A4F7556}") = "Es.Throttle.Mvc", "src\Es.Throttle.Mvc\Es.Throttle.Mvc.csproj", "{BD692C83-3CE7-4E61-BA24-674C40D0B731}"
EndProject
Global
	GlobalSection(SolutionConfigurationPlatforms) = preSolution
		Debug|Any CPU = Debug|Any CPU
		Release|Any CPU = Release|Any CPU
	EndGlobalSection
	GlobalSection(ProjectConfigurationPlatforms) = postSolution
		{A0B0125E-0ABC-4CD5-B0CF-EBFDB7A201AE}.Debug|Any CPU.ActiveCfg = Debug|Any CPU
		{A0B0125E-0ABC-4CD5-B0CF-EBFDB7A201AE}.Debug|Any CPU.Build.0 = Debug|Any CPU
		{A0B0125E-0ABC-4CD5-B0CF-EBFDB7A201AE}.Release|Any CPU.ActiveCfg = Release|Any CPU
		{A0B0125E-0ABC-4CD5-B0CF-EBFDB7A201AE}.Release|Any CPU.Build.0 = Release|Any CPU
		{955C41A6-84FC-4CB3-A4CA-3055C6FDF3F3}.Debug|Any CPU.ActiveCfg = Debug|Any CPU
		{955C41A6-84FC-4CB3-A4CA-3055C6FDF3F3}.Debug|Any CPU.Build.0 = Debug|Any CPU
		{955C41A6-84FC-4CB3-A4CA-3055C6FDF3F3}.Release|Any CPU.ActiveCfg = Release|Any CPU
		{955C41A6-84FC-4CB3-A4CA-3055C6FDF3F3}.Release|Any CPU.Build.0 = Release|Any CPU
		{D7FE4FB4-61A0-414F-A532-A3D0E6A55B27}.Debug|Any CPU.ActiveCfg = Debug|Any CPU
		{D7FE4FB4-61A0-414F-A532-A3D0E6A55B27}.Debug|Any CPU.Build.0 = Debug|Any CPU
		{D7FE4FB4-61A0-414F-A532-A3D0E6A55B27}.Release|Any CPU.ActiveCfg = Release|Any CPU
		{D7FE4FB4-61A0-414F-A532-A3D0E6A55B27}.Release|Any CPU.Build.0 = Release|Any CPU
		{BD692C83-3CE7-4E61-BA24-674C40D0B731}.Debug|Any CPU.ActiveCfg = Debug|Any CPU
		{BD692C83-3CE7-4E61-BA24-674C40D0B731}.Debug|Any CPU.Build.0 = Debug|Any CPU
		{BD692C83-3CE7-4E61-BA24-674C40D0B731}.Release|Any CPU.ActiveCfg = Release|Any CPU
		{BD692C83-3CE7-4E61-BA24-674C40D0B731}.Release|Any CPU.Build.0 = Release|Any CPU
	EndGlobalSection
	GlobalSection(SolutionProperties) = preSolution
		HideSolutionNode = FALSE
	EndGlobalSection
	GlobalSection(NestedProjects) = preSolution
		{A0B0125E-0ABC-4CD5-B0CF-EBFDB7A201AE} = {A35B39F6-C876-40EB-939C-D8F0F54653B7}
		{955C41A6-84FC-4CB3-A4CA-3055C6FDF3F3} = {33A3A0C6-5FA2-44CF-B342-E2778B3493B7}
	EndGlobalSection
	GlobalSection(ExtensibilityGlobals) = postSolution
		SolutionGuid = {7BAB31CB-5AAC-48F9-8D7C-C03B08830C8D}
	EndGlobalSection
EndGlobal
